// !$*UTF8*$!
{
	archiveVersion = 1;
	classes = {
	};
	objectVersion = 46;
	objects = {

/* Begin PBXBuildFile section */
		083154D61E07CFB800CA4352 /* FMPlayerViewController.swift in Sources */ = {isa = PBXBuildFile; fileRef = 083154D41E07CFB800CA4352 /* FMPlayerViewController.swift */; };
		083154D71E07CFB800CA4352 /* FMPlayerViewController.xib in Resources */ = {isa = PBXBuildFile; fileRef = 083154D51E07CFB800CA4352 /* FMPlayerViewController.xib */; };
		083154DE1E07D29100CA4352 /* last.png in Resources */ = {isa = PBXBuildFile; fileRef = 083154D91E07D29100CA4352 /* last.png */; };
		083154DF1E07D29100CA4352 /* next.png in Resources */ = {isa = PBXBuildFile; fileRef = 083154DA1E07D29100CA4352 /* next.png */; };
		083154E01E07D29100CA4352 /* pause.png in Resources */ = {isa = PBXBuildFile; fileRef = 083154DB1E07D29100CA4352 /* pause.png */; };
		083154E11E07D29100CA4352 /* play.png in Resources */ = {isa = PBXBuildFile; fileRef = 083154DC1E07D29100CA4352 /* play.png */; };
		083154E21E07D29100CA4352 /* stop.png in Resources */ = {isa = PBXBuildFile; fileRef = 083154DD1E07D29100CA4352 /* stop.png */; };
		085199761E038A2700D5FEF7 /* HomeTableHeaderView.swift in Sources */ = {isa = PBXBuildFile; fileRef = 085199751E038A2700D5FEF7 /* HomeTableHeaderView.swift */; };
		085199781E038A3F00D5FEF7 /* HomeTableHeaderView.xib in Resources */ = {isa = PBXBuildFile; fileRef = 085199771E038A3F00D5FEF7 /* HomeTableHeaderView.xib */; };
		0851997A1E038F4600D5FEF7 /* HomeTableFirstCell.swift in Sources */ = {isa = PBXBuildFile; fileRef = 085199791E038F4600D5FEF7 /* HomeTableFirstCell.swift */; };
		0851997D1E03C76300D5FEF7 /* HomeTableSecondCell.swift in Sources */ = {isa = PBXBuildFile; fileRef = 0851997B1E03C76300D5FEF7 /* HomeTableSecondCell.swift */; };
		0851997E1E03C76300D5FEF7 /* HomeTableSecondCell.xib in Resources */ = {isa = PBXBuildFile; fileRef = 0851997C1E03C76300D5FEF7 /* HomeTableSecondCell.xib */; };
		085199811E03D12B00D5FEF7 /* HomeTableThirdCell.swift in Sources */ = {isa = PBXBuildFile; fileRef = 0851997F1E03D12B00D5FEF7 /* HomeTableThirdCell.swift */; };
		085199821E03D12B00D5FEF7 /* HomeTableThirdCell.xib in Resources */ = {isa = PBXBuildFile; fileRef = 085199801E03D12B00D5FEF7 /* HomeTableThirdCell.xib */; };
		085199841E03D98E00D5FEF7 /* HomeTableFouthcell.swift in Sources */ = {isa = PBXBuildFile; fileRef = 085199831E03D98E00D5FEF7 /* HomeTableFouthcell.swift */; };
		086248891E0783F5007BBB2F /* CategoryViewController.swift in Sources */ = {isa = PBXBuildFile; fileRef = 086248881E0783F5007BBB2F /* CategoryViewController.swift */; };
		0862488C1E078635007BBB2F /* CategoryListCell.swift in Sources */ = {isa = PBXBuildFile; fileRef = 0862488A1E078635007BBB2F /* CategoryListCell.swift */; };
		0862488D1E078635007BBB2F /* CategoryListCell.xib in Resources */ = {isa = PBXBuildFile; fileRef = 0862488B1E078635007BBB2F /* CategoryListCell.xib */; };
		0862488F1E078CB4007BBB2F /* CategoryModel.swift in Sources */ = {isa = PBXBuildFile; fileRef = 0862488E1E078CB4007BBB2F /* CategoryModel.swift */; };
		08800D6D1E029F0B0084FE63 /* HomeModel.swift in Sources */ = {isa = PBXBuildFile; fileRef = 08800D6C1E029F0B0084FE63 /* HomeModel.swift */; };
		08800D6F1E029F980084FE63 /* HomeDataModel.swift in Sources */ = {isa = PBXBuildFile; fileRef = 08800D6E1E029F980084FE63 /* HomeDataModel.swift */; };
		08800D711E02A0940084FE63 /* HomeDataInfoModel.swift in Sources */ = {isa = PBXBuildFile; fileRef = 08800D701E02A0940084FE63 /* HomeDataInfoModel.swift */; };
		089743F11E03843B0097B5E1 /* LTCellConfig.swift in Sources */ = {isa = PBXBuildFile; fileRef = 089743EC1E03843B0097B5E1 /* LTCellConfig.swift */; };
		089743F21E03843B0097B5E1 /* LTCycleCell.swift in Sources */ = {isa = PBXBuildFile; fileRef = 089743ED1E03843B0097B5E1 /* LTCycleCell.swift */; };
		089743F31E03843B0097B5E1 /* LTCycleCell.xib in Resources */ = {isa = PBXBuildFile; fileRef = 089743EE1E03843B0097B5E1 /* LTCycleCell.xib */; };
		089743F41E03843B0097B5E1 /* LTCycleView.swift in Sources */ = {isa = PBXBuildFile; fileRef = 089743EF1E03843B0097B5E1 /* LTCycleView.swift */; };
		089743F51E03843B0097B5E1 /* LTCycleView.xib in Resources */ = {isa = PBXBuildFile; fileRef = 089743F01E03843B0097B5E1 /* LTCycleView.xib */; };
		08D66CB11E029B670064332D /* AppDelegate.swift in Sources */ = {isa = PBXBuildFile; fileRef = 08D66CB01E029B670064332D /* AppDelegate.swift */; };
		08D66CB31E029B670064332D /* ViewController.swift in Sources */ = {isa = PBXBuildFile; fileRef = 08D66CB21E029B670064332D /* ViewController.swift */; };
		08D66CB61E029B670064332D /* Main.storyboard in Resources */ = {isa = PBXBuildFile; fileRef = 08D66CB41E029B670064332D /* Main.storyboard */; };
		08D66CB81E029B670064332D /* Assets.xcassets in Resources */ = {isa = PBXBuildFile; fileRef = 08D66CB71E029B670064332D /* Assets.xcassets */; };
		08D66CBB1E029B670064332D /* LaunchScreen.storyboard in Resources */ = {isa = PBXBuildFile; fileRef = 08D66CB91E029B670064332D /* LaunchScreen.storyboard */; };
		08D66CC61E029B670064332D /* weiboTests.swift in Sources */ = {isa = PBXBuildFile; fileRef = 08D66CC51E029B670064332D /* weiboTests.swift */; };
		08D66CD11E029B670064332D /* weiboUITests.swift in Sources */ = {isa = PBXBuildFile; fileRef = 08D66CD01E029B670064332D /* weiboUITests.swift */; };
		E1D12F69E4816D202C5550F9 /* Pods_weibo.framework in Frameworks */ = {isa = PBXBuildFile; fileRef = E51E8428D92C790ED01F5829 /* Pods_weibo.framework */; };
/* End PBXBuildFile section */

/* Begin PBXContainerItemProxy section */
		08D66CC21E029B670064332D /* PBXContainerItemProxy */ = {
			isa = PBXContainerItemProxy;
			containerPortal = 08D66CA51E029B670064332D /* Project object */;
			proxyType = 1;
			remoteGlobalIDString = 08D66CAC1E029B670064332D;
			remoteInfo = weibo;
		};
		08D66CCD1E029B670064332D /* PBXContainerItemProxy */ = {
			isa = PBXContainerItemProxy;
			containerPortal = 08D66CA51E029B670064332D /* Project object */;
			proxyType = 1;
			remoteGlobalIDString = 08D66CAC1E029B670064332D;
			remoteInfo = weibo;
		};
/* End PBXContainerItemProxy section */

/* Begin PBXFileReference section */
		083154D41E07CFB800CA4352 /* FMPlayerViewController.swift */ = {isa = PBXFileReference; fileEncoding = 4; lastKnownFileType = sourcecode.swift; path = FMPlayerViewController.swift; sourceTree = "<group>"; };
		083154D51E07CFB800CA4352 /* FMPlayerViewController.xib */ = {isa = PBXFileReference; fileEncoding = 4; lastKnownFileType = file.xib; path = FMPlayerViewController.xib; sourceTree = "<group>"; };
		083154D91E07D29100CA4352 /* last.png */ = {isa = PBXFileReference; lastKnownFileType = image.png; path = last.png; sourceTree = "<group>"; };
		083154DA1E07D29100CA4352 /* next.png */ = {isa = PBXFileReference; lastKnownFileType = image.png; path = next.png; sourceTree = "<group>"; };
		083154DB1E07D29100CA4352 /* pause.png */ = {isa = PBXFileReference; lastKnownFileType = image.png; path = pause.png; sourceTree = "<group>"; };
		083154DC1E07D29100CA4352 /* play.png */ = {isa = PBXFileReference; lastKnownFileType = image.png; path = play.png; sourceTree = "<group>"; };
		083154DD1E07D29100CA4352 /* stop.png */ = {isa = PBXFileReference; lastKnownFileType = image.png; path = stop.png; sourceTree = "<group>"; };
		085199751E038A2700D5FEF7 /* HomeTableHeaderView.swift */ = {isa = PBXFileReference; fileEncoding = 4; lastKnownFileType = sourcecode.swift; path = HomeTableHeaderView.swift; sourceTree = "<group>"; };
		085199771E038A3F00D5FEF7 /* HomeTableHeaderView.xib */ = {isa = PBXFileReference; fileEncoding = 4; lastKnownFileType = file.xib; path = HomeTableHeaderView.xib; sourceTree = "<group>"; };
		085199791E038F4600D5FEF7 /* HomeTableFirstCell.swift */ = {isa = PBXFileReference; fileEncoding = 4; lastKnownFileType = sourcecode.swift; path = HomeTableFirstCell.swift; sourceTree = "<group>"; };
		0851997B1E03C76300D5FEF7 /* HomeTableSecondCell.swift */ = {isa = PBXFileReference; fileEncoding = 4; lastKnownFileType = sourcecode.swift; path = HomeTableSecondCell.swift; sourceTree = "<group>"; };
		0851997C1E03C76300D5FEF7 /* HomeTableSecondCell.xib */ = {isa = PBXFileReference; fileEncoding = 4; lastKnownFileType = file.xib; path = HomeTableSecondCell.xib; sourceTree = "<group>"; };
		0851997F1E03D12B00D5FEF7 /* HomeTableThirdCell.swift */ = {isa = PBXFileReference; fileEncoding = 4; lastKnownFileType = sourcecode.swift; path = HomeTableThirdCell.swift; sourceTree = "<group>"; };
		085199801E03D12B00D5FEF7 /* HomeTableThirdCell.xib */ = {isa = PBXFileReference; fileEncoding = 4; lastKnownFileType = file.xib; path = HomeTableThirdCell.xib; sourceTree = "<group>"; };
		085199831E03D98E00D5FEF7 /* HomeTableFouthcell.swift */ = {isa = PBXFileReference; fileEncoding = 4; lastKnownFileType = sourcecode.swift; path = HomeTableFouthcell.swift; sourceTree = "<group>"; };
		086248881E0783F5007BBB2F /* CategoryViewController.swift */ = {isa = PBXFileReference; fileEncoding = 4; lastKnownFileType = sourcecode.swift; path = CategoryViewController.swift; sourceTree = "<group>"; };
		0862488A1E078635007BBB2F /* CategoryListCell.swift */ = {isa = PBXFileReference; fileEncoding = 4; lastKnownFileType = sourcecode.swift; path = CategoryListCell.swift; sourceTree = "<group>"; };
		0862488B1E078635007BBB2F /* CategoryListCell.xib */ = {isa = PBXFileReference; fileEncoding = 4; lastKnownFileType = file.xib; path = CategoryListCell.xib; sourceTree = "<group>"; };
		0862488E1E078CB4007BBB2F /* CategoryModel.swift */ = {isa = PBXFileReference; fileEncoding = 4; lastKnownFileType = sourcecode.swift; path = CategoryModel.swift; sourceTree = "<group>"; };
		08800D6C1E029F0B0084FE63 /* HomeModel.swift */ = {isa = PBXFileReference; fileEncoding = 4; lastKnownFileType = sourcecode.swift; path = HomeModel.swift; sourceTree = "<group>"; };
		08800D6E1E029F980084FE63 /* HomeDataModel.swift */ = {isa = PBXFileReference; fileEncoding = 4; lastKnownFileType = sourcecode.swift; path = HomeDataModel.swift; sourceTree = "<group>"; };
		08800D701E02A0940084FE63 /* HomeDataInfoModel.swift */ = {isa = PBXFileReference; fileEncoding = 4; lastKnownFileType = sourcecode.swift; path = HomeDataInfoModel.swift; sourceTree = "<group>"; };
		089743EC1E03843B0097B5E1 /* LTCellConfig.swift */ = {isa = PBXFileReference; fileEncoding = 4; lastKnownFileType = sourcecode.swift; path = LTCellConfig.swift; sourceTree = "<group>"; };
		089743ED1E03843B0097B5E1 /* LTCycleCell.swift */ = {isa = PBXFileReference; fileEncoding = 4; lastKnownFileType = sourcecode.swift; path = LTCycleCell.swift; sourceTree = "<group>"; };
		089743EE1E03843B0097B5E1 /* LTCycleCell.xib */ = {isa = PBXFileReference; fileEncoding = 4; lastKnownFileType = file.xib; path = LTCycleCell.xib; sourceTree = "<group>"; };
		089743EF1E03843B0097B5E1 /* LTCycleView.swift */ = {isa = PBXFileReference; fileEncoding = 4; lastKnownFileType = sourcecode.swift; path = LTCycleView.swift; sourceTree = "<group>"; };
		089743F01E03843B0097B5E1 /* LTCycleView.xib */ = {isa = PBXFileReference; fileEncoding = 4; lastKnownFileType = file.xib; path = LTCycleView.xib; sourceTree = "<group>"; };
		08D66CAD1E029B670064332D /* weibo.app */ = {isa = PBXFileReference; explicitFileType = wrapper.application; includeInIndex = 0; path = weibo.app; sourceTree = BUILT_PRODUCTS_DIR; };
		08D66CB01E029B670064332D /* AppDelegate.swift */ = {isa = PBXFileReference; lastKnownFileType = sourcecode.swift; path = AppDelegate.swift; sourceTree = "<group>"; };
		08D66CB21E029B670064332D /* ViewController.swift */ = {isa = PBXFileReference; lastKnownFileType = sourcecode.swift; path = ViewController.swift; sourceTree = "<group>"; };
		08D66CB51E029B670064332D /* Base */ = {isa = PBXFileReference; lastKnownFileType = file.storyboard; name = Base; path = Base.lproj/Main.storyboard; sourceTree = "<group>"; };
		08D66CB71E029B670064332D /* Assets.xcassets */ = {isa = PBXFileReference; lastKnownFileType = folder.assetcatalog; path = Assets.xcassets; sourceTree = "<group>"; };
		08D66CBA1E029B670064332D /* Base */ = {isa = PBXFileReference; lastKnownFileType = file.storyboard; name = Base; path = Base.lproj/LaunchScreen.storyboard; sourceTree = "<group>"; };
		08D66CBC1E029B670064332D /* Info.plist */ = {isa = PBXFileReference; lastKnownFileType = text.plist.xml; path = Info.plist; sourceTree = "<group>"; };
		08D66CC11E029B670064332D /* weiboTests.xctest */ = {isa = PBXFileReference; explicitFileType = wrapper.cfbundle; includeInIndex = 0; path = weiboTests.xctest; sourceTree = BUILT_PRODUCTS_DIR; };
		08D66CC51E029B670064332D /* weiboTests.swift */ = {isa = PBXFileReference; lastKnownFileType = sourcecode.swift; path = weiboTests.swift; sourceTree = "<group>"; };
		08D66CC71E029B670064332D /* Info.plist */ = {isa = PBXFileReference; lastKnownFileType = text.plist.xml; path = Info.plist; sourceTree = "<group>"; };
		08D66CCC1E029B670064332D /* weiboUITests.xctest */ = {isa = PBXFileReference; explicitFileType = wrapper.cfbundle; includeInIndex = 0; path = weiboUITests.xctest; sourceTree = BUILT_PRODUCTS_DIR; };
		08D66CD01E029B670064332D /* weiboUITests.swift */ = {isa = PBXFileReference; lastKnownFileType = sourcecode.swift; path = weiboUITests.swift; sourceTree = "<group>"; };
		08D66CD21E029B670064332D /* Info.plist */ = {isa = PBXFileReference; lastKnownFileType = text.plist.xml; path = Info.plist; sourceTree = "<group>"; };
		48329C63FE963D561021CD6B /* Pods-weibo.release.xcconfig */ = {isa = PBXFileReference; includeInIndex = 1; lastKnownFileType = text.xcconfig; name = "Pods-weibo.release.xcconfig"; path = "Pods/Target Support Files/Pods-weibo/Pods-weibo.release.xcconfig"; sourceTree = "<group>"; };
		66F35F4BA797284C90DCC5AF /* Pods-weibo.debug.xcconfig */ = {isa = PBXFileReference; includeInIndex = 1; lastKnownFileType = text.xcconfig; name = "Pods-weibo.debug.xcconfig"; path = "Pods/Target Support Files/Pods-weibo/Pods-weibo.debug.xcconfig"; sourceTree = "<group>"; };
		E51E8428D92C790ED01F5829 /* Pods_weibo.framework */ = {isa = PBXFileReference; explicitFileType = wrapper.framework; includeInIndex = 0; path = Pods_weibo.framework; sourceTree = BUILT_PRODUCTS_DIR; };
/* End PBXFileReference section */

/* Begin PBXFrameworksBuildPhase section */
		08D66CAA1E029B670064332D /* Frameworks */ = {
			isa = PBXFrameworksBuildPhase;
			buildActionMask = 2147483647;
			files = (
				E1D12F69E4816D202C5550F9 /* Pods_weibo.framework in Frameworks */,
			);
			runOnlyForDeploymentPostprocessing = 0;
		};
		08D66CBE1E029B670064332D /* Frameworks */ = {
			isa = PBXFrameworksBuildPhase;
			buildActionMask = 2147483647;
			files = (
			);
			runOnlyForDeploymentPostprocessing = 0;
		};
		08D66CC91E029B670064332D /* Frameworks */ = {
			isa = PBXFrameworksBuildPhase;
			buildActionMask = 2147483647;
			files = (
			);
			runOnlyForDeploymentPostprocessing = 0;
		};
/* End PBXFrameworksBuildPhase section */

/* Begin PBXGroup section */
		083154BF1E07BDDF00CA4352 /* FMPlayer */ = {
			isa = PBXGroup;
			children = (
				083154D41E07CFB800CA4352 /* FMPlayerViewController.swift */,
				083154D51E07CFB800CA4352 /* FMPlayerViewController.xib */,
			);
			path = FMPlayer;
			sourceTree = "<group>";
		};
		083154D81E07D29100CA4352 /* Resource */ = {
			isa = PBXGroup;
			children = (
				083154D91E07D29100CA4352 /* last.png */,
				083154DA1E07D29100CA4352 /* next.png */,
				083154DB1E07D29100CA4352 /* pause.png */,
				083154DC1E07D29100CA4352 /* play.png */,
				083154DD1E07D29100CA4352 /* stop.png */,
			);
			path = Resource;
			sourceTree = "<group>";
		};
		085199741E038A1200D5FEF7 /* HomeView */ = {
			isa = PBXGroup;
			children = (
				085199751E038A2700D5FEF7 /* HomeTableHeaderView.swift */,
				085199771E038A3F00D5FEF7 /* HomeTableHeaderView.xib */,
				085199791E038F4600D5FEF7 /* HomeTableFirstCell.swift */,
				0851997B1E03C76300D5FEF7 /* HomeTableSecondCell.swift */,
				0851997C1E03C76300D5FEF7 /* HomeTableSecondCell.xib */,
				0851997F1E03D12B00D5FEF7 /* HomeTableThirdCell.swift */,
				085199801E03D12B00D5FEF7 /* HomeTableThirdCell.xib */,
				085199831E03D98E00D5FEF7 /* HomeTableFouthcell.swift */,
			);
			path = HomeView;
			sourceTree = "<group>";
		};
		086248871E0783E2007BBB2F /* Category */ = {
			isa = PBXGroup;
			children = (
				086248881E0783F5007BBB2F /* CategoryViewController.swift */,
				0862488A1E078635007BBB2F /* CategoryListCell.swift */,
				0862488B1E078635007BBB2F /* CategoryListCell.xib */,
				0862488E1E078CB4007BBB2F /* CategoryModel.swift */,
			);
			path = Category;
			sourceTree = "<group>";
		};
		08800D6B1E029EBF0084FE63 /* HomeModel */ = {
			isa = PBXGroup;
			children = (
				08800D6C1E029F0B0084FE63 /* HomeModel.swift */,
				08800D6E1E029F980084FE63 /* HomeDataModel.swift */,
				08800D701E02A0940084FE63 /* HomeDataInfoModel.swift */,
			);
			path = HomeModel;
			sourceTree = "<group>";
		};
		089743EA1E03843B0097B5E1 /* ThirdParty */ = {
			isa = PBXGroup;
			children = (
				089743EB1E03843B0097B5E1 /* LTCycleView */,
			);
			path = ThirdParty;
			sourceTree = "<group>";
		};
		089743EB1E03843B0097B5E1 /* LTCycleView */ = {
			isa = PBXGroup;
			children = (
				089743EC1E03843B0097B5E1 /* LTCellConfig.swift */,
				089743ED1E03843B0097B5E1 /* LTCycleCell.swift */,
				089743EE1E03843B0097B5E1 /* LTCycleCell.xib */,
				089743EF1E03843B0097B5E1 /* LTCycleView.swift */,
				089743F01E03843B0097B5E1 /* LTCycleView.xib */,
			);
			path = LTCycleView;
			sourceTree = "<group>";
		};
		08D66CA41E029B670064332D = {
			isa = PBXGroup;
			children = (
				08D66CAF1E029B670064332D /* weibo */,
				08D66CC41E029B670064332D /* weiboTests */,
				08D66CCF1E029B670064332D /* weiboUITests */,
				08D66CAE1E029B670064332D /* Products */,
				AC504E7FD8B3819827F13A82 /* Pods */,
				7E516540DF902951C78E4A3E /* Frameworks */,
			);
			sourceTree = "<group>";
		};
		08D66CAE1E029B670064332D /* Products */ = {
			isa = PBXGroup;
			children = (
				08D66CAD1E029B670064332D /* weibo.app */,
				08D66CC11E029B670064332D /* weiboTests.xctest */,
				08D66CCC1E029B670064332D /* weiboUITests.xctest */,
			);
			name = Products;
			sourceTree = "<group>";
		};
		08D66CAF1E029B670064332D /* weibo */ = {
			isa = PBXGroup;
			children = (
				083154D81E07D29100CA4352 /* Resource */,
				089743EA1E03843B0097B5E1 /* ThirdParty */,
				08800D6B1E029EBF0084FE63 /* HomeModel */,
				085199741E038A1200D5FEF7 /* HomeView */,
				086248871E0783E2007BBB2F /* Category */,
				083154BF1E07BDDF00CA4352 /* FMPlayer */,
				08D66CB01E029B670064332D /* AppDelegate.swift */,
				08D66CB21E029B670064332D /* ViewController.swift */,
				08D66CB41E029B670064332D /* Main.storyboard */,
				08D66CB71E029B670064332D /* Assets.xcassets */,
				08D66CB91E029B670064332D /* LaunchScreen.storyboard */,
				08D66CBC1E029B670064332D /* Info.plist */,
			);
			path = weibo;
			sourceTree = "<group>";
		};
		08D66CC41E029B670064332D /* weiboTests */ = {
			isa = PBXGroup;
			children = (
				08D66CC51E029B670064332D /* weiboTests.swift */,
				08D66CC71E029B670064332D /* Info.plist */,
			);
			path = weiboTests;
			sourceTree = "<group>";
		};
		08D66CCF1E029B670064332D /* weiboUITests */ = {
			isa = PBXGroup;
			children = (
				08D66CD01E029B670064332D /* weiboUITests.swift */,
				08D66CD21E029B670064332D /* Info.plist */,
			);
			path = weiboUITests;
			sourceTree = "<group>";
		};
		7E516540DF902951C78E4A3E /* Frameworks */ = {
			isa = PBXGroup;
			children = (
				E51E8428D92C790ED01F5829 /* Pods_weibo.framework */,
			);
			name = Frameworks;
			sourceTree = "<group>";
		};
		AC504E7FD8B3819827F13A82 /* Pods */ = {
			isa = PBXGroup;
			children = (
				66F35F4BA797284C90DCC5AF /* Pods-weibo.debug.xcconfig */,
				48329C63FE963D561021CD6B /* Pods-weibo.release.xcconfig */,
			);
			name = Pods;
			sourceTree = "<group>";
		};
/* End PBXGroup section */

/* Begin PBXNativeTarget section */
		08D66CAC1E029B670064332D /* weibo */ = {
			isa = PBXNativeTarget;
			buildConfigurationList = 08D66CD51E029B670064332D /* Build configuration list for PBXNativeTarget "weibo" */;
			buildPhases = (
				572E1E19279188C0AFB02EA1 /* [CP] Check Pods Manifest.lock */,
				08D66CA91E029B670064332D /* Sources */,
				08D66CAA1E029B670064332D /* Frameworks */,
				08D66CAB1E029B670064332D /* Resources */,
				4E6EEC8B88DD25CA8DA6C99C /* [CP] Embed Pods Frameworks */,
				A984B2E28BF08AD5932DBE38 /* [CP] Copy Pods Resources */,
			);
			buildRules = (
			);
			dependencies = (
			);
			name = weibo;
			productName = weibo;
			productReference = 08D66CAD1E029B670064332D /* weibo.app */;
			productType = "com.apple.product-type.application";
		};
		08D66CC01E029B670064332D /* weiboTests */ = {
			isa = PBXNativeTarget;
			buildConfigurationList = 08D66CD81E029B670064332D /* Build configuration list for PBXNativeTarget "weiboTests" */;
			buildPhases = (
				08D66CBD1E029B670064332D /* Sources */,
				08D66CBE1E029B670064332D /* Frameworks */,
				08D66CBF1E029B670064332D /* Resources */,
			);
			buildRules = (
			);
			dependencies = (
				08D66CC31E029B670064332D /* PBXTargetDependency */,
			);
			name = weiboTests;
			productName = weiboTests;
			productReference = 08D66CC11E029B670064332D /* weiboTests.xctest */;
			productType = "com.apple.product-type.bundle.unit-test";
		};
		08D66CCB1E029B670064332D /* weiboUITests */ = {
			isa = PBXNativeTarget;
			buildConfigurationList = 08D66CDB1E029B670064332D /* Build configuration list for PBXNativeTarget "weiboUITests" */;
			buildPhases = (
				08D66CC81E029B670064332D /* Sources */,
				08D66CC91E029B670064332D /* Frameworks */,
				08D66CCA1E029B670064332D /* Resources */,
			);
			buildRules = (
			);
			dependencies = (
				08D66CCE1E029B670064332D /* PBXTargetDependency */,
			);
			name = weiboUITests;
			productName = weiboUITests;
			productReference = 08D66CCC1E029B670064332D /* weiboUITests.xctest */;
			productType = "com.apple.product-type.bundle.ui-testing";
		};
/* End PBXNativeTarget section */

/* Begin PBXProject section */
		08D66CA51E029B670064332D /* Project object */ = {
			isa = PBXProject;
			attributes = {
				LastSwiftUpdateCheck = 0810;
				LastUpgradeCheck = 0810;
				ORGANIZATIONNAME = winphonesoftware;
				TargetAttributes = {
					08D66CAC1E029B670064332D = {
						CreatedOnToolsVersion = 8.1;
						LastSwiftMigration = 0810;
						ProvisioningStyle = Automatic;
					};
					08D66CC01E029B670064332D = {
						CreatedOnToolsVersion = 8.1;
						ProvisioningStyle = Automatic;
						TestTargetID = 08D66CAC1E029B670064332D;
					};
					08D66CCB1E029B670064332D = {
						CreatedOnToolsVersion = 8.1;
						ProvisioningStyle = Automatic;
						TestTargetID = 08D66CAC1E029B670064332D;
					};
				};
			};
			buildConfigurationList = 08D66CA81E029B670064332D /* Build configuration list for PBXProject "weibo" */;
			compatibilityVersion = "Xcode 3.2";
			developmentRegion = English;
			hasScannedForEncodings = 0;
			knownRegions = (
				en,
				Base,
			);
			mainGroup = 08D66CA41E029B670064332D;
			productRefGroup = 08D66CAE1E029B670064332D /* Products */;
			projectDirPath = "";
			projectRoot = "";
			targets = (
				08D66CAC1E029B670064332D /* weibo */,
				08D66CC01E029B670064332D /* weiboTests */,
				08D66CCB1E029B670064332D /* weiboUITests */,
			);
		};
/* End PBXProject section */

/* Begin PBXResourcesBuildPhase section */
		08D66CAB1E029B670064332D /* Resources */ = {
			isa = PBXResourcesBuildPhase;
			buildActionMask = 2147483647;
			files = (
				089743F31E03843B0097B5E1 /* LTCycleCell.xib in Resources */,
				083154E01E07D29100CA4352 /* pause.png in Resources */,
				08D66CBB1E029B670064332D /* LaunchScreen.storyboard in Resources */,
				083154DF1E07D29100CA4352 /* next.png in Resources */,
				0862488D1E078635007BBB2F /* CategoryListCell.xib in Resources */,
				08D66CB81E029B670064332D /* Assets.xcassets in Resources */,
				083154DE1E07D29100CA4352 /* last.png in Resources */,
				083154E11E07D29100CA4352 /* play.png in Resources */,
				085199821E03D12B00D5FEF7 /* HomeTableThirdCell.xib in Resources */,
				08D66CB61E029B670064332D /* Main.storyboard in Resources */,
				089743F51E03843B0097B5E1 /* LTCycleView.xib in Resources */,
				083154E21E07D29100CA4352 /* stop.png in Resources */,
				085199781E038A3F00D5FEF7 /* HomeTableHeaderView.xib in Resources */,
				083154D71E07CFB800CA4352 /* FMPlayerViewController.xib in Resources */,
				0851997E1E03C76300D5FEF7 /* HomeTableSecondCell.xib in Resources */,
			);
			runOnlyForDeploymentPostprocessing = 0;
		};
		08D66CBF1E029B670064332D /* Resources */ = {
			isa = PBXResourcesBuildPhase;
			buildActionMask = 2147483647;
			files = (
			);
			runOnlyForDeploymentPostprocessing = 0;
		};
		08D66CCA1E029B670064332D /* Resources */ = {
			isa = PBXResourcesBuildPhase;
			buildActionMask = 2147483647;
			files = (
			);
			runOnlyForDeploymentPostprocessing = 0;
		};
/* End PBXResourcesBuildPhase section */

/* Begin PBXShellScriptBuildPhase section */
		4E6EEC8B88DD25CA8DA6C99C /* [CP] Embed Pods Frameworks */ = {
			isa = PBXShellScriptBuildPhase;
			buildActionMask = 2147483647;
			files = (
			);
			inputPaths = (
			);
			name = "[CP] Embed Pods Frameworks";
			outputPaths = (
			);
			runOnlyForDeploymentPostprocessing = 0;
			shellPath = /bin/sh;
			shellScript = "\"${SRCROOT}/Pods/Target Support Files/Pods-weibo/Pods-weibo-frameworks.sh\"\n";
			showEnvVarsInLog = 0;
		};
		572E1E19279188C0AFB02EA1 /* [CP] Check Pods Manifest.lock */ = {
			isa = PBXShellScriptBuildPhase;
			buildActionMask = 2147483647;
			files = (
			);
			inputPaths = (
			);
			name = "[CP] Check Pods Manifest.lock";
			outputPaths = (
			);
			runOnlyForDeploymentPostprocessing = 0;
			shellPath = /bin/sh;
			shellScript = "diff \"${PODS_ROOT}/../Podfile.lock\" \"${PODS_ROOT}/Manifest.lock\" > /dev/null\nif [ $? != 0 ] ; then\n    # print error to STDERR\n    echo \"error: The sandbox is not in sync with the Podfile.lock. Run 'pod install' or update your CocoaPods installation.\" >&2\n    exit 1\nfi\n";
			showEnvVarsInLog = 0;
		};
		A984B2E28BF08AD5932DBE38 /* [CP] Copy Pods Resources */ = {
			isa = PBXShellScriptBuildPhase;
			buildActionMask = 2147483647;
			files = (
			);
			inputPaths = (
			);
			name = "[CP] Copy Pods Resources";
			outputPaths = (
			);
			runOnlyForDeploymentPostprocessing = 0;
			shellPath = /bin/sh;
			shellScript = "\"${SRCROOT}/Pods/Target Support Files/Pods-weibo/Pods-weibo-resources.sh\"\n";
			showEnvVarsInLog = 0;
		};
/* End PBXShellScriptBuildPhase section */

/* Begin PBXSourcesBuildPhase section */
		08D66CA91E029B670064332D /* Sources */ = {
			isa = PBXSourcesBuildPhase;
			buildActionMask = 2147483647;
			files = (
				08D66CB31E029B670064332D /* ViewController.swift in Sources */,
				089743F11E03843B0097B5E1 /* LTCellConfig.swift in Sources */,
				086248891E0783F5007BBB2F /* CategoryViewController.swift in Sources */,
				085199841E03D98E00D5FEF7 /* HomeTableFouthcell.swift in Sources */,
				083154D61E07CFB800CA4352 /* FMPlayerViewController.swift in Sources */,
				0851997A1E038F4600D5FEF7 /* HomeTableFirstCell.swift in Sources */,
				085199811E03D12B00D5FEF7 /* HomeTableThirdCell.swift in Sources */,
				08D66CB11E029B670064332D /* AppDelegate.swift in Sources */,
				08800D6F1E029F980084FE63 /* HomeDataModel.swift in Sources */,
				08800D711E02A0940084FE63 /* HomeDataInfoModel.swift in Sources */,
				0862488C1E078635007BBB2F /* CategoryListCell.swift in Sources */,
				085199761E038A2700D5FEF7 /* HomeTableHeaderView.swift in Sources */,
				08800D6D1E029F0B0084FE63 /* HomeModel.swift in Sources */,
				089743F21E03843B0097B5E1 /* LTCycleCell.swift in Sources */,
				0862488F1E078CB4007BBB2F /* CategoryModel.swift in Sources */,
				0851997D1E03C76300D5FEF7 /* HomeTableSecondCell.swift in Sources */,
				089743F41E03843B0097B5E1 /* LTCycleView.swift in Sources */,
			);
			runOnlyForDeploymentPostprocessing = 0;
		};
		08D66CBD1E029B670064332D /* Sources */ = {
			isa = PBXSourcesBuildPhase;
			buildActionMask = 2147483647;
			files = (
				08D66CC61E029B670064332D /* weiboTests.swift in Sources */,
			);
			runOnlyForDeploymentPostprocessing = 0;
		};
		08D66CC81E029B670064332D /* Sources */ = {
			isa = PBXSourcesBuildPhase;
			buildActionMask = 2147483647;
			files = (
				08D66CD11E029B670064332D /* weiboUITests.swift in Sources */,
			);
			runOnlyForDeploymentPostprocessing = 0;
		};
/* End PBXSourcesBuildPhase section */

/* Begin PBXTargetDependency section */
		08D66CC31E029B670064332D /* PBXTargetDependency */ = {
			isa = PBXTargetDependency;
			target = 08D66CAC1E029B670064332D /* weibo */;
			targetProxy = 08D66CC21E029B670064332D /* PBXContainerItemProxy */;
		};
		08D66CCE1E029B670064332D /* PBXTargetDependency */ = {
			isa = PBXTargetDependency;
			target = 08D66CAC1E029B670064332D /* weibo */;
			targetProxy = 08D66CCD1E029B670064332D /* PBXContainerItemProxy */;
		};
/* End PBXTargetDependency section */

/* Begin PBXVariantGroup section */
		08D66CB41E029B670064332D /* Main.storyboard */ = {
			isa = PBXVariantGroup;
			children = (
				08D66CB51E029B670064332D /* Base */,
			);
			name = Main.storyboard;
			sourceTree = "<group>";
		};
		08D66CB91E029B670064332D /* LaunchScreen.storyboard */ = {
			isa = PBXVariantGroup;
			children = (
				08D66CBA1E029B670064332D /* Base */,
			);
			name = LaunchScreen.storyboard;
			sourceTree = "<group>";
		};
/* End PBXVariantGroup section */

/* Begin XCBuildConfiguration section */
		08D66CD31E029B670064332D /* Debug */ = {
			isa = XCBuildConfiguration;
			buildSettings = {
				ALWAYS_SEARCH_USER_PATHS = NO;
				CLANG_ANALYZER_NONNULL = YES;
				CLANG_CXX_LANGUAGE_STANDARD = "gnu++0x";
				CLANG_CXX_LIBRARY = "libc++";
				CLANG_ENABLE_MODULES = YES;
				CLANG_ENABLE_OBJC_ARC = YES;
				CLANG_WARN_BOOL_CONVERSION = YES;
				CLANG_WARN_CONSTANT_CONVERSION = YES;
				CLANG_WARN_DIRECT_OBJC_ISA_USAGE = YES_ERROR;
				CLANG_WARN_DOCUMENTATION_COMMENTS = YES;
				CLANG_WARN_EMPTY_BODY = YES;
				CLANG_WARN_ENUM_CONVERSION = YES;
				CLANG_WARN_INFINITE_RECURSION = YES;
				CLANG_WARN_INT_CONVERSION = YES;
				CLANG_WARN_OBJC_ROOT_CLASS = YES_ERROR;
				CLANG_WARN_SUSPICIOUS_MOVES = YES;
				CLANG_WARN_UNREACHABLE_CODE = YES;
				CLANG_WARN__DUPLICATE_METHOD_MATCH = YES;
				"CODE_SIGN_IDENTITY[sdk=iphoneos*]" = "iPhone Developer";
				COPY_PHASE_STRIP = NO;
				DEBUG_INFORMATION_FORMAT = dwarf;
				ENABLE_STRICT_OBJC_MSGSEND = YES;
				ENABLE_TESTABILITY = YES;
				GCC_C_LANGUAGE_STANDARD = gnu99;
				GCC_DYNAMIC_NO_PIC = NO;
				GCC_NO_COMMON_BLOCKS = YES;
				GCC_OPTIMIZATION_LEVEL = 0;
				GCC_PREPROCESSOR_DEFINITIONS = (
					"DEBUG=1",
					"$(inherited)",
				);
				GCC_WARN_64_TO_32_BIT_CONVERSION = YES;
				GCC_WARN_ABOUT_RETURN_TYPE = YES_ERROR;
				GCC_WARN_UNDECLARED_SELECTOR = YES;
				GCC_WARN_UNINITIALIZED_AUTOS = YES_AGGRESSIVE;
				GCC_WARN_UNUSED_FUNCTION = YES;
				GCC_WARN_UNUSED_VARIABLE = YES;
				IPHONEOS_DEPLOYMENT_TARGET = 10.1;
				MTL_ENABLE_DEBUG_INFO = YES;
				ONLY_ACTIVE_ARCH = YES;
				SDKROOT = iphoneos;
				SWIFT_ACTIVE_COMPILATION_CONDITIONS = DEBUG;
				SWIFT_OPTIMIZATION_LEVEL = "-Onone";
				TARGETED_DEVICE_FAMILY = "1,2";
			};
			name = Debug;
		};
		08D66CD41E029B670064332D /* Release */ = {
			isa = XCBuildConfiguration;
			buildSettings = {
				ALWAYS_SEARCH_USER_PATHS = NO;
				CLANG_ANALYZER_NONNULL = YES;
				CLANG_CXX_LANGUAGE_STANDARD = "gnu++0x";
				CLANG_CXX_LIBRARY = "libc++";
				CLANG_ENABLE_MODULES = YES;
				CLANG_ENABLE_OBJC_ARC = YES;
				CLANG_WARN_BOOL_CONVERSION = YES;
				CLANG_WARN_CONSTANT_CONVERSION = YES;
				CLANG_WARN_DIRECT_OBJC_ISA_USAGE = YES_ERROR;
				CLANG_WARN_DOCUMENTATION_COMMENTS = YES;
				CLANG_WARN_EMPTY_BODY = YES;
				CLANG_WARN_ENUM_CONVERSION = YES;
				CLANG_WARN_INFINITE_RECURSION = YES;
				CLANG_WARN_INT_CONVERSION = YES;
				CLANG_WARN_OBJC_ROOT_CLASS = YES_ERROR;
				CLANG_WARN_SUSPICIOUS_MOVES = YES;
				CLANG_WARN_UNREACHABLE_CODE = YES;
				CLANG_WARN__DUPLICATE_METHOD_MATCH = YES;
				"CODE_SIGN_IDENTITY[sdk=iphoneos*]" = "iPhone Developer";
				COPY_PHASE_STRIP = NO;
				DEBUG_INFORMATION_FORMAT = "dwarf-with-dsym";
				ENABLE_NS_ASSERTIONS = NO;
				ENABLE_STRICT_OBJC_MSGSEND = YES;
				GCC_C_LANGUAGE_STANDARD = gnu99;
				GCC_NO_COMMON_BLOCKS = YES;
				GCC_WARN_64_TO_32_BIT_CONVERSION = YES;
				GCC_WARN_ABOUT_RETURN_TYPE = YES_ERROR;
				GCC_WARN_UNDECLARED_SELECTOR = YES;
				GCC_WARN_UNINITIALIZED_AUTOS = YES_AGGRESSIVE;
				GCC_WARN_UNUSED_FUNCTION = YES;
				GCC_WARN_UNUSED_VARIABLE = YES;
				IPHONEOS_DEPLOYMENT_TARGET = 10.1;
				MTL_ENABLE_DEBUG_INFO = NO;
				SDKROOT = iphoneos;
				SWIFT_OPTIMIZATION_LEVEL = "-Owholemodule";
				TARGETED_DEVICE_FAMILY = "1,2";
				VALIDATE_PRODUCT = YES;
			};
			name = Release;
		};
		08D66CD61E029B670064332D /* Debug */ = {
			isa = XCBuildConfiguration;
			baseConfigurationReference = 66F35F4BA797284C90DCC5AF /* Pods-weibo.debug.xcconfig */;
			buildSettings = {
				ASSETCATALOG_COMPILER_APPICON_NAME = AppIcon;
				CLANG_ENABLE_MODULES = YES;
				DEFINES_MODULE = NO;
				INFOPLIST_FILE = weibo/Info.plist;
				LD_RUNPATH_SEARCH_PATHS = "$(inherited) @executable_path/Frameworks";
				PRODUCT_BUNDLE_IDENTIFIER = Alife.weibo;
				PRODUCT_NAME = "$(TARGET_NAME)";
				SWIFT_OBJC_BRIDGING_HEADER = "";
				SWIFT_OPTIMIZATION_LEVEL = "-Onone";
				SWIFT_VERSION = 3.0;
			};
			name = Debug;
		};
		08D66CD71E029B670064332D /* Release */ = {
			isa = XCBuildConfiguration;
			baseConfigurationReference = 48329C63FE963D561021CD6B /* Pods-weibo.release.xcconfig */;
			buildSettings = {
				ASSETCATALOG_COMPILER_APPICON_NAME = AppIcon;
				CLANG_ENABLE_MODULES = YES;
				DEFINES_MODULE = NO;
				INFOPLIST_FILE = weibo/Info.plist;
				LD_RUNPATH_SEARCH_PATHS = "$(inherited) @executable_path/Frameworks";
				PRODUCT_BUNDLE_IDENTIFIER = Alife.weibo;
				PRODUCT_NAME = "$(TARGET_NAME)";
				SWIFT_OBJC_BRIDGING_HEADER = "";
				SWIFT_VERSION = 3.0;
			};
			name = Release;
		};
		08D66CD91E029B670064332D /* Debug */ = {
			isa = XCBuildConfiguration;
			buildSettings = {
				ALWAYS_EMBED_SWIFT_STANDARD_LIBRARIES = YES;
				BUNDLE_LOADER = "$(TEST_HOST)";
				INFOPLIST_FILE = weiboTests/Info.plist;
				LD_RUNPATH_SEARCH_PATHS = "$(inherited) @executable_path/Frameworks @loader_path/Frameworks";
				PRODUCT_BUNDLE_IDENTIFIER = Alife.weiboTests;
				PRODUCT_NAME = "$(TARGET_NAME)";
				SWIFT_VERSION = 3.0;
				TEST_HOST = "$(BUILT_PRODUCTS_DIR)/weibo.app/weibo";
			};
			name = Debug;
		};
		08D66CDA1E029B670064332D /* Release */ = {
			isa = XCBuildConfiguration;
			buildSettings = {
				ALWAYS_EMBED_SWIFT_STANDARD_LIBRARIES = YES;
				BUNDLE_LOADER = "$(TEST_HOST)";
				INFOPLIST_FILE = weiboTests/Info.plist;
				LD_RUNPATH_SEARCH_PATHS = "$(inherited) @executable_path/Frameworks @loader_path/Frameworks";
				PRODUCT_BUNDLE_IDENTIFIER = Alife.weiboTests;
				PRODUCT_NAME = "$(TARGET_NAME)";
				SWIFT_VERSION = 3.0;
				TEST_HOST = "$(BUILT_PRODUCTS_DIR)/weibo.app/weibo";
			};
			name = Release;
		};
		08D66CDC1E029B670064332D /* Debug */ = {
			isa = XCBuildConfiguration;
			buildSettings = {
				ALWAYS_EMBED_SWIFT_STANDARD_LIBRARIES = YES;
				INFOPLIST_FILE = weiboUITests/Info.plist;
				LD_RUNPATH_SEARCH_PATHS = "$(inherited) @executable_path/Frameworks @loader_path/Frameworks";
				PRODUCT_BUNDLE_IDENTIFIER = Alife.weiboUITests;
				PRODUCT_NAME = "$(TARGET_NAME)";
				SWIFT_VERSION = 3.0;
				TEST_TARGET_NAME = weibo;
			};
			name = Debug;
		};
		08D66CDD1E029B670064332D /* Release */ = {
			isa = XCBuildConfiguration;
			buildSettings = {
				ALWAYS_EMBED_SWIFT_STANDARD_LIBRARIES = YES;
				INFOPLIST_FILE = weiboUITests/Info.plist;
				LD_RUNPATH_SEARCH_PATHS = "$(inherited) @executable_path/Frameworks @loader_path/Frameworks";
				PRODUCT_BUNDLE_IDENTIFIER = Alife.weiboUITests;
				PRODUCT_NAME = "$(TARGET_NAME)";
				SWIFT_VERSION = 3.0;
				TEST_TARGET_NAME = weibo;
			};
			name = Release;
		};
/* End XCBuildConfiguration section */

/* Begin XCConfigurationList section */
		08D66CA81E029B670064332D /* Build configuration list for PBXProject "weibo" */ = {
			isa = XCConfigurationList;
			buildConfigurations = (
				08D66CD31E029B670064332D /* Debug */,
				08D66CD41E029B670064332D /* Release */,
			);
			defaultConfigurationIsVisible = 0;
			defaultConfigurationName = Release;
		};
		08D66CD51E029B670064332D /* Build configuration list for PBXNativeTarget "weibo" */ = {
			isa = XCConfigurationList;
			buildConfigurations = (
				08D66CD61E029B670064332D /* Debug */,
				08D66CD71E029B670064332D /* Release */,
			);
			defaultConfigurationIsVisible = 0;
			defaultConfigurationName = Release;
		};
		08D66CD81E029B670064332D /* Build configuration list for PBXNativeTarget "weiboTests" */ = {
			isa = XCConfigurationList;
			buildConfigurations = (
				08D66CD91E029B670064332D /* Debug */,
				08D66CDA1E029B670064332D /* Release */,
			);
			defaultConfigurationIsVisible = 0;
			defaultConfigurationName = Release;
		};
		08D66CDB1E029B670064332D /* Build configuration list for PBXNativeTarget "weiboUITests" */ = {
			isa = XCConfigurationList;
			buildConfigurations = (
				08D66CDC1E029B670064332D /* Debug */,
				08D66CDD1E029B670064332D /* Release */,
			);
			defaultConfigurationIsVisible = 0;
			defaultConfigurationName = Release;
		};
/* End XCConfigurationList section */
	};
	rootObject = 08D66CA51E029B670064332D /* Project object */;
}
